{
  "name": "kicad-mcp-live-eval-tools",
  "version": "0.0.0",
  "lockfileVersion": 3,
  "requires": true,
  "packages": {
    "": {
      "name": "kicad-mcp-live-eval-tools",
      "version": "0.0.0",
      "dependencies": {
        "opencode-linux-x64": "1.18.10"
      }
    },
    "node_modules/opencode-ai": {
      "version": "1.18.10",
      "resolved": "https://registry.npmjs.org/opencode-ai/-/opencode-ai-1.18.10.tgz",
      "integrity": "sha512-/PoGrZnTrSrmHvvXUg12O4yAEjytuqEQNG8usCydrYg4EtosvbtKtGIHI40DFaIhPws91Wa20niSvFG32xL8ZQ==",
      "cpu": [
        "arm64",
        "x64"
      ],
      "hasInstallScript": true,
      "license": "MIT",
      "os": [
        "darwin",
        "linux",
        "win32"
      ],
      "bin": {
        "opencode": "bin/opencode.exe"
      },
      "optionalDependencies": {
        "opencode-darwin-arm64": "1.18.10",
        "opencode-darwin-x64": "1.18.10",
        "opencode-darwin-x64-baseline": "1.18.10",
        "opencode-linux-arm64": "1.18.10",
        "opencode-linux-arm64-musl": "1.18.10",
        "opencode-linux-x64": "1.18.10",
        "opencode-linux-x64-baseline": "1.18.10",
        "opencode-linux-x64-baseline-musl": "1.18.10",
        "opencode-linux-x64-musl": "1.18.10",
        "opencode-windows-arm64": "1.18.10",
        "opencode-windows-x64": "1.18.10",
        "opencode-windows-x64-baseline": "1.18.10"
      }
    },
    "node_modules/opencode-linux-x64": {
      "version": "1.18.10",
      "resolved": "https://registry.npmjs.org/opencode-linux-x64/-/opencode-linux-x64-1.18.10.tgz",
      "integrity": "sha512-gkmZQfI1h1HJiaAud8zeEIGpqVIoINce9B4bP4+4VNhrrkq2qL73WIc2IOLdO/7dGT1tbSoOjrH14EJPEjkFTg==",
      "cpu": [
        "x64"
      ],
      "os": [
        "linux"
      ]
    },
    "node_modules/opencode-linux-x64-baseline": {
      "version": "1.18.10",
      "resolved": "https://registry.npmjs.org/opencode-linux-x64-baseline/-/opencode-linux-x64-baseline-1.18.10.tgz",
      "integrity": "sha512-5AxMI8ABbEgoQuuHeBuw6P/CJsaZK1com5eQj1Giu++zL3uK8l4z2PIpF+c0B10gzRvMye2nPrs8uqKou3BgNQ==",
      "cpu": [
        "x64"
      ],
      "optional": true,
      "os": [
        "linux"
      ]
    }
  }
}
